
Microsoft Visual Studio Solution File, Format Version 12.00
# Visual Studio Version 16
VisualStudioVersion = 16.0.31702.278
MinimumVisualStudioVersion = 10.0.40219.1
Project("{FAE04EC0-301F-11D3-BF4B-00C04F79EFBC}") = "TabletTransfer", "TabletTransfer\TabletTransfer.csproj", "{8B9C1BF5-AFAF-413A-97B3-0C638EA1F8C5}"
EndProject
Project("{FAE04EC0-301F-11D3-BF4B-00C04F79EFBC}") = "RawInput", "..\RawInput\RawInput.csproj", "{4143D085-38CF-4640-BB05-2FDFFAF94D76}"
EndProject
Project("{FAE04EC0-301F-11D3-BF4B-00C04F79EFBC}") = "HidBarcodeHandler", "HidBarcodeHandler\HidBarcodeHandler.csproj", "{3A433889-1C04-4CA9-8306-7343EF30BFB3}"
EndProject
Project("{FAE04EC0-301F-11D3-BF4B-00C04F79EFBC}") = "ObslugaSkanera", "ObslugaSkanera\ObslugaSkanera.csproj", "{D4361C4B-33AF-4283-912F-B78C72AA1596}"
EndProject
Project("{FAE04EC0-301F-11D3-BF4B-00C04F79EFBC}") = "TabletManager", "TabletManager\TabletManager.csproj", "{DE7BBDE0-14D6-4B7D-8593-8C29EC942BCB}"
EndProject
Project("{FAE04EC0-301F-11D3-BF4B-00C04F79EFBC}") = "CommonDatabase", "CommonDatabase\CommonDatabase.csproj", "{1890C530-DD58-49CD-BC10-B4EAA2477C5A}"
EndProject
Project("{FAE04EC0-301F-11D3-BF4B-00C04F79EFBC}") = "CommonUI", "CommonUI\CommonUI.csproj", "{369EEDD1-B737-4C7B-82CA-AEDBB14E95F4}"
EndProject
Project("{2150E333-8FDC-42A3-9474-1A3956D46DE8}") = "Solution Items", "Solution Items", "{B56BD3E1-F173-470E-8340-0185A223859E}"
	ProjectSection(SolutionItems) = preProject
		deploy 01_JJONDA.ps1 = deploy 01_JJONDA.ps1
		New-Shortcut.psm1 = New-Shortcut.psm1
		Publish-Project.psm1 = Publish-Project.psm1
		TODO.txt = TODO.txt
	EndProjectSection
EndProject
Project("{FAE04EC0-301F-11D3-BF4B-00C04F79EFBC}") = "TabletManagerWPF", "TabletManagerWPF\TabletManagerWPF.csproj", "{B5468D30-030E-4F88-95A7-9CD6A1637936}"
EndProject
Project("{FAE04EC0-301F-11D3-BF4B-00C04F79EFBC}") = "LoadingWindow", "LoadingWindow\LoadingWindow.csproj", "{2C4E7057-4D24-4EE5-972E-C410B5F8A4BC}"
EndProject
Project("{FAE04EC0-301F-11D3-BF4B-00C04F79EFBC}") = "ConnectionWatcher", "ConnectionWatcher\ConnectionWatcher.csproj", "{7D172B91-F1D2-4086-99F0-8E22641DC875}"
EndProject
Global
	GlobalSection(SolutionConfigurationPlatforms) = preSolution
		Debug - local|Any CPU = Debug - local|Any CPU
		Debug - local|x64 = Debug - local|x64
		Debug - local|x86 = Debug - local|x86
		Debug|Any CPU = Debug|Any CPU
		Debug|x64 = Debug|x64
		Debug|x86 = Debug|x86
		DEbug-Remote|Any CPU = DEbug-Remote|Any CPU
		DEbug-Remote|x64 = DEbug-Remote|x64
		DEbug-Remote|x86 = DEbug-Remote|x86
		Production|Any CPU = Production|Any CPU
		Production|x64 = Production|x64
		Production|x86 = Production|x86
		Test|Any CPU = Test|Any CPU
		Test|x64 = Test|x64
		Test|x86 = Test|x86
	EndGlobalSection
	GlobalSection(ProjectConfigurationPlatforms) = postSolution
		{8B9C1BF5-AFAF-413A-97B3-0C638EA1F8C5}.Debug - local|Any CPU.ActiveCfg = Debug|Any CPU
		{8B9C1BF5-AFAF-413A-97B3-0C638EA1F8C5}.Debug - local|Any CPU.Build.0 = Debug|Any CPU
		{8B9C1BF5-AFAF-413A-97B3-0C638EA1F8C5}.Debug - local|x64.ActiveCfg = Debug - local|Any CPU
		{8B9C1BF5-AFAF-413A-97B3-0C638EA1F8C5}.Debug - local|x64.Build.0 = Debug - local|Any CPU
		{8B9C1BF5-AFAF-413A-97B3-0C638EA1F8C5}.Debug - local|x86.ActiveCfg = Debug - local|Any CPU
		{8B9C1BF5-AFAF-413A-97B3-0C638EA1F8C5}.Debug - local|x86.Build.0 = Debug - local|Any CPU
		{8B9C1BF5-AFAF-413A-97B3-0C638EA1F8C5}.Debug|Any CPU.ActiveCfg = Debug|Any CPU
		{8B9C1BF5-AFAF-413A-97B3-0C638EA1F8C5}.Debug|Any CPU.Build.0 = Debug|Any CPU
		{8B9C1BF5-AFAF-413A-97B3-0C638EA1F8C5}.Debug|x64.ActiveCfg = Debug|Any CPU
		{8B9C1BF5-AFAF-413A-97B3-0C638EA1F8C5}.Debug|x64.Build.0 = Debug|Any CPU
		{8B9C1BF5-AFAF-413A-97B3-0C638EA1F8C5}.Debug|x86.ActiveCfg = Debug|Any CPU
		{8B9C1BF5-AFAF-413A-97B3-0C638EA1F8C5}.Debug|x86.Build.0 = Debug|Any CPU
		{8B9C1BF5-AFAF-413A-97B3-0C638EA1F8C5}.DEbug-Remote|Any CPU.ActiveCfg = DEbug-Remote|Any CPU
		{8B9C1BF5-AFAF-413A-97B3-0C638EA1F8C5}.DEbug-Remote|Any CPU.Build.0 = DEbug-Remote|Any CPU
		{8B9C1BF5-AFAF-413A-97B3-0C638EA1F8C5}.DEbug-Remote|x64.ActiveCfg = DEbug-Remote|Any CPU
		{8B9C1BF5-AFAF-413A-97B3-0C638EA1F8C5}.DEbug-Remote|x64.Build.0 = DEbug-Remote|Any CPU
		{8B9C1BF5-AFAF-413A-97B3-0C638EA1F8C5}.DEbug-Remote|x86.ActiveCfg = DEbug-Remote|Any CPU
		{8B9C1BF5-AFAF-413A-97B3-0C638EA1F8C5}.DEbug-Remote|x86.Build.0 = DEbug-Remote|Any CPU
		{8B9C1BF5-AFAF-413A-97B3-0C638EA1F8C5}.Production|Any CPU.ActiveCfg = Production|Any CPU
		{8B9C1BF5-AFAF-413A-97B3-0C638EA1F8C5}.Production|Any CPU.Build.0 = Production|Any CPU
		{8B9C1BF5-AFAF-413A-97B3-0C638EA1F8C5}.Production|x64.ActiveCfg = Production|Any CPU
		{8B9C1BF5-AFAF-413A-97B3-0C638EA1F8C5}.Production|x64.Build.0 = Production|Any CPU
		{8B9C1BF5-AFAF-413A-97B3-0C638EA1F8C5}.Production|x86.ActiveCfg = Production|Any CPU
		{8B9C1BF5-AFAF-413A-97B3-0C638EA1F8C5}.Production|x86.Build.0 = Production|Any CPU
		{8B9C1BF5-AFAF-413A-97B3-0C638EA1F8C5}.Test|Any CPU.ActiveCfg = Release|Any CPU
		{8B9C1BF5-AFAF-413A-97B3-0C638EA1F8C5}.Test|Any CPU.Build.0 = Release|Any CPU
		{8B9C1BF5-AFAF-413A-97B3-0C638EA1F8C5}.Test|x64.ActiveCfg = Release|Any CPU
		{8B9C1BF5-AFAF-413A-97B3-0C638EA1F8C5}.Test|x64.Build.0 = Release|Any CPU
		{8B9C1BF5-AFAF-413A-97B3-0C638EA1F8C5}.Test|x86.ActiveCfg = Release|Any CPU
		{8B9C1BF5-AFAF-413A-97B3-0C638EA1F8C5}.Test|x86.Build.0 = Release|Any CPU
		{4143D085-38CF-4640-BB05-2FDFFAF94D76}.Debug - local|Any CPU.ActiveCfg = Debug - local|Any CPU
		{4143D085-38CF-4640-BB05-2FDFFAF94D76}.Debug - local|Any CPU.Build.0 = Debug - local|Any CPU
		{4143D085-38CF-4640-BB05-2FDFFAF94D76}.Debug - local|x64.ActiveCfg = Debug - local|x64
		{4143D085-38CF-4640-BB05-2FDFFAF94D76}.Debug - local|x64.Build.0 = Debug - local|x64
		{4143D085-38CF-4640-BB05-2FDFFAF94D76}.Debug - local|x86.ActiveCfg = Debug - local|x86
		{4143D085-38CF-4640-BB05-2FDFFAF94D76}.Debug - local|x86.Build.0 = Debug - local|x86
		{4143D085-38CF-4640-BB05-2FDFFAF94D76}.Debug|Any CPU.ActiveCfg = Debug|Any CPU
		{4143D085-38CF-4640-BB05-2FDFFAF94D76}.Debug|Any CPU.Build.0 = Debug|Any CPU
		{4143D085-38CF-4640-BB05-2FDFFAF94D76}.Debug|x64.ActiveCfg = Debug|x64
		{4143D085-38CF-4640-BB05-2FDFFAF94D76}.Debug|x64.Build.0 = Debug|x64
		{4143D085-38CF-4640-BB05-2FDFFAF94D76}.Debug|x86.ActiveCfg = Debug|x86
		{4143D085-38CF-4640-BB05-2FDFFAF94D76}.Debug|x86.Build.0 = Debug|x86
		{4143D085-38CF-4640-BB05-2FDFFAF94D76}.DEbug-Remote|Any CPU.ActiveCfg = DEbug-Remote|Any CPU
		{4143D085-38CF-4640-BB05-2FDFFAF94D76}.DEbug-Remote|Any CPU.Build.0 = DEbug-Remote|Any CPU
		{4143D085-38CF-4640-BB05-2FDFFAF94D76}.DEbug-Remote|x64.ActiveCfg = DEbug-Remote|x64
		{4143D085-38CF-4640-BB05-2FDFFAF94D76}.DEbug-Remote|x64.Build.0 = DEbug-Remote|x64
		{4143D085-38CF-4640-BB05-2FDFFAF94D76}.DEbug-Remote|x86.ActiveCfg = DEbug-Remote|x86
		{4143D085-38CF-4640-BB05-2FDFFAF94D76}.DEbug-Remote|x86.Build.0 = DEbug-Remote|x86
		{4143D085-38CF-4640-BB05-2FDFFAF94D76}.Production|Any CPU.ActiveCfg = Production|Any CPU
		{4143D085-38CF-4640-BB05-2FDFFAF94D76}.Production|Any CPU.Build.0 = Production|Any CPU
		{4143D085-38CF-4640-BB05-2FDFFAF94D76}.Production|x64.ActiveCfg = Production|x64
		{4143D085-38CF-4640-BB05-2FDFFAF94D76}.Production|x64.Build.0 = Production|x64
		{4143D085-38CF-4640-BB05-2FDFFAF94D76}.Production|x86.ActiveCfg = Production|x86
		{4143D085-38CF-4640-BB05-2FDFFAF94D76}.Production|x86.Build.0 = Production|x86
		{4143D085-38CF-4640-BB05-2FDFFAF94D76}.Test|Any CPU.ActiveCfg = Release|Any CPU
		{4143D085-38CF-4640-BB05-2FDFFAF94D76}.Test|Any CPU.Build.0 = Release|Any CPU
		{4143D085-38CF-4640-BB05-2FDFFAF94D76}.Test|x64.ActiveCfg = Release|x64
		{4143D085-38CF-4640-BB05-2FDFFAF94D76}.Test|x64.Build.0 = Release|x64
		{4143D085-38CF-4640-BB05-2FDFFAF94D76}.Test|x86.ActiveCfg = Release|x86
		{4143D085-38CF-4640-BB05-2FDFFAF94D76}.Test|x86.Build.0 = Release|x86
		{3A433889-1C04-4CA9-8306-7343EF30BFB3}.Debug - local|Any CPU.ActiveCfg = Debug|Any CPU
		{3A433889-1C04-4CA9-8306-7343EF30BFB3}.Debug - local|Any CPU.Build.0 = Debug|Any CPU
		{3A433889-1C04-4CA9-8306-7343EF30BFB3}.Debug - local|x64.ActiveCfg = Debug|Any CPU
		{3A433889-1C04-4CA9-8306-7343EF30BFB3}.Debug - local|x64.Build.0 = Debug|Any CPU
		{3A433889-1C04-4CA9-8306-7343EF30BFB3}.Debug - local|x86.ActiveCfg = Debug|Any CPU
		{3A433889-1C04-4CA9-8306-7343EF30BFB3}.Debug - local|x86.Build.0 = Debug|Any CPU
		{3A433889-1C04-4CA9-8306-7343EF30BFB3}.Debug|Any CPU.ActiveCfg = Debug|Any CPU
		{3A433889-1C04-4CA9-8306-7343EF30BFB3}.Debug|Any CPU.Build.0 = Debug|Any CPU
		{3A433889-1C04-4CA9-8306-7343EF30BFB3}.Debug|x64.ActiveCfg = Debug|Any CPU
		{3A433889-1C04-4CA9-8306-7343EF30BFB3}.Debug|x64.Build.0 = Debug|Any CPU
		{3A433889-1C04-4CA9-8306-7343EF30BFB3}.Debug|x86.ActiveCfg = Debug|Any CPU
		{3A433889-1C04-4CA9-8306-7343EF30BFB3}.Debug|x86.Build.0 = Debug|Any CPU
		{3A433889-1C04-4CA9-8306-7343EF30BFB3}.DEbug-Remote|Any CPU.ActiveCfg = DEbug-Remote|Any CPU
		{3A433889-1C04-4CA9-8306-7343EF30BFB3}.DEbug-Remote|Any CPU.Build.0 = DEbug-Remote|Any CPU
		{3A433889-1C04-4CA9-8306-7343EF30BFB3}.DEbug-Remote|x64.ActiveCfg = DEbug-Remote|Any CPU
		{3A433889-1C04-4CA9-8306-7343EF30BFB3}.DEbug-Remote|x64.Build.0 = DEbug-Remote|Any CPU
		{3A433889-1C04-4CA9-8306-7343EF30BFB3}.DEbug-Remote|x86.ActiveCfg = DEbug-Remote|Any CPU
		{3A433889-1C04-4CA9-8306-7343EF30BFB3}.DEbug-Remote|x86.Build.0 = DEbug-Remote|Any CPU
		{3A433889-1C04-4CA9-8306-7343EF30BFB3}.Production|Any CPU.ActiveCfg = Production|Any CPU
		{3A433889-1C04-4CA9-8306-7343EF30BFB3}.Production|Any CPU.Build.0 = Production|Any CPU
		{3A433889-1C04-4CA9-8306-7343EF30BFB3}.Production|x64.ActiveCfg = Production|Any CPU
		{3A433889-1C04-4CA9-8306-7343EF30BFB3}.Production|x64.Build.0 = Production|Any CPU
		{3A433889-1C04-4CA9-8306-7343EF30BFB3}.Production|x86.ActiveCfg = Production|Any CPU
		{3A433889-1C04-4CA9-8306-7343EF30BFB3}.Production|x86.Build.0 = Production|Any CPU
		{3A433889-1C04-4CA9-8306-7343EF30BFB3}.Test|Any CPU.ActiveCfg = Release|Any CPU
		{3A433889-1C04-4CA9-8306-7343EF30BFB3}.Test|Any CPU.Build.0 = Release|Any CPU
		{3A433889-1C04-4CA9-8306-7343EF30BFB3}.Test|x64.ActiveCfg = Release|Any CPU
		{3A433889-1C04-4CA9-8306-7343EF30BFB3}.Test|x64.Build.0 = Release|Any CPU
		{3A433889-1C04-4CA9-8306-7343EF30BFB3}.Test|x86.ActiveCfg = Release|Any CPU
		{3A433889-1C04-4CA9-8306-7343EF30BFB3}.Test|x86.Build.0 = Release|Any CPU
		{D4361C4B-33AF-4283-912F-B78C72AA1596}.Debug - local|Any CPU.ActiveCfg = Debug|Any CPU
		{D4361C4B-33AF-4283-912F-B78C72AA1596}.Debug - local|Any CPU.Build.0 = Debug|Any CPU
		{D4361C4B-33AF-4283-912F-B78C72AA1596}.Debug - local|x64.ActiveCfg = Debug|Any CPU
		{D4361C4B-33AF-4283-912F-B78C72AA1596}.Debug - local|x64.Build.0 = Debug|Any CPU
		{D4361C4B-33AF-4283-912F-B78C72AA1596}.Debug - local|x86.ActiveCfg = Debug|Any CPU
		{D4361C4B-33AF-4283-912F-B78C72AA1596}.Debug - local|x86.Build.0 = Debug|Any CPU
		{D4361C4B-33AF-4283-912F-B78C72AA1596}.Debug|Any CPU.ActiveCfg = Debug|Any CPU
		{D4361C4B-33AF-4283-912F-B78C72AA1596}.Debug|Any CPU.Build.0 = Debug|Any CPU
		{D4361C4B-33AF-4283-912F-B78C72AA1596}.Debug|x64.ActiveCfg = Debug|Any CPU
		{D4361C4B-33AF-4283-912F-B78C72AA1596}.Debug|x64.Build.0 = Debug|Any CPU
		{D4361C4B-33AF-4283-912F-B78C72AA1596}.Debug|x86.ActiveCfg = Debug|Any CPU
		{D4361C4B-33AF-4283-912F-B78C72AA1596}.Debug|x86.Build.0 = Debug|Any CPU
		{D4361C4B-33AF-4283-912F-B78C72AA1596}.DEbug-Remote|Any CPU.ActiveCfg = DEbug-Remote|Any CPU
		{D4361C4B-33AF-4283-912F-B78C72AA1596}.DEbug-Remote|Any CPU.Build.0 = DEbug-Remote|Any CPU
		{D4361C4B-33AF-4283-912F-B78C72AA1596}.DEbug-Remote|x64.ActiveCfg = DEbug-Remote|Any CPU
		{D4361C4B-33AF-4283-912F-B78C72AA1596}.DEbug-Remote|x64.Build.0 = DEbug-Remote|Any CPU
		{D4361C4B-33AF-4283-912F-B78C72AA1596}.DEbug-Remote|x86.ActiveCfg = DEbug-Remote|Any CPU
		{D4361C4B-33AF-4283-912F-B78C72AA1596}.DEbug-Remote|x86.Build.0 = DEbug-Remote|Any CPU
		{D4361C4B-33AF-4283-912F-B78C72AA1596}.Production|Any CPU.ActiveCfg = Production|Any CPU
		{D4361C4B-33AF-4283-912F-B78C72AA1596}.Production|Any CPU.Build.0 = Production|Any CPU
		{D4361C4B-33AF-4283-912F-B78C72AA1596}.Production|x64.ActiveCfg = Production|Any CPU
		{D4361C4B-33AF-4283-912F-B78C72AA1596}.Production|x64.Build.0 = Production|Any CPU
		{D4361C4B-33AF-4283-912F-B78C72AA1596}.Production|x86.ActiveCfg = Production|Any CPU
		{D4361C4B-33AF-4283-912F-B78C72AA1596}.Production|x86.Build.0 = Production|Any CPU
		{D4361C4B-33AF-4283-912F-B78C72AA1596}.Test|Any CPU.ActiveCfg = Release|Any CPU
		{D4361C4B-33AF-4283-912F-B78C72AA1596}.Test|Any CPU.Build.0 = Release|Any CPU
		{D4361C4B-33AF-4283-912F-B78C72AA1596}.Test|x64.ActiveCfg = Release|Any CPU
		{D4361C4B-33AF-4283-912F-B78C72AA1596}.Test|x64.Build.0 = Release|Any CPU
		{D4361C4B-33AF-4283-912F-B78C72AA1596}.Test|x86.ActiveCfg = Release|Any CPU
		{D4361C4B-33AF-4283-912F-B78C72AA1596}.Test|x86.Build.0 = Release|Any CPU
		{DE7BBDE0-14D6-4B7D-8593-8C29EC942BCB}.Debug - local|Any CPU.ActiveCfg = Debug|Any CPU
		{DE7BBDE0-14D6-4B7D-8593-8C29EC942BCB}.Debug - local|Any CPU.Build.0 = Debug|Any CPU
		{DE7BBDE0-14D6-4B7D-8593-8C29EC942BCB}.Debug - local|x64.ActiveCfg = Debug|Any CPU
		{DE7BBDE0-14D6-4B7D-8593-8C29EC942BCB}.Debug - local|x64.Build.0 = Debug|Any CPU
		{DE7BBDE0-14D6-4B7D-8593-8C29EC942BCB}.Debug - local|x86.ActiveCfg = Debug|Any CPU
		{DE7BBDE0-14D6-4B7D-8593-8C29EC942BCB}.Debug - local|x86.Build.0 = Debug|Any CPU
		{DE7BBDE0-14D6-4B7D-8593-8C29EC942BCB}.Debug|Any CPU.ActiveCfg = Debug|Any CPU
		{DE7BBDE0-14D6-4B7D-8593-8C29EC942BCB}.Debug|Any CPU.Build.0 = Debug|Any CPU
		{DE7BBDE0-14D6-4B7D-8593-8C29EC942BCB}.Debug|x64.ActiveCfg = Debug|Any CPU
		{DE7BBDE0-14D6-4B7D-8593-8C29EC942BCB}.Debug|x64.Build.0 = Debug|Any CPU
		{DE7BBDE0-14D6-4B7D-8593-8C29EC942BCB}.Debug|x86.ActiveCfg = Debug|Any CPU
		{DE7BBDE0-14D6-4B7D-8593-8C29EC942BCB}.Debug|x86.Build.0 = Debug|Any CPU
		{DE7BBDE0-14D6-4B7D-8593-8C29EC942BCB}.DEbug-Remote|Any CPU.ActiveCfg = DEbug-Remote|Any CPU
		{DE7BBDE0-14D6-4B7D-8593-8C29EC942BCB}.DEbug-Remote|Any CPU.Build.0 = DEbug-Remote|Any CPU
		{DE7BBDE0-14D6-4B7D-8593-8C29EC942BCB}.DEbug-Remote|x64.ActiveCfg = DEbug-Remote|Any CPU
		{DE7BBDE0-14D6-4B7D-8593-8C29EC942BCB}.DEbug-Remote|x64.Build.0 = DEbug-Remote|Any CPU
		{DE7BBDE0-14D6-4B7D-8593-8C29EC942BCB}.DEbug-Remote|x86.ActiveCfg = DEbug-Remote|Any CPU
		{DE7BBDE0-14D6-4B7D-8593-8C29EC942BCB}.DEbug-Remote|x86.Build.0 = DEbug-Remote|Any CPU
		{DE7BBDE0-14D6-4B7D-8593-8C29EC942BCB}.Production|Any CPU.ActiveCfg = Production|Any CPU
		{DE7BBDE0-14D6-4B7D-8593-8C29EC942BCB}.Production|Any CPU.Build.0 = Production|Any CPU
		{DE7BBDE0-14D6-4B7D-8593-8C29EC942BCB}.Production|x64.ActiveCfg = Production|Any CPU
		{DE7BBDE0-14D6-4B7D-8593-8C29EC942BCB}.Production|x64.Build.0 = Production|Any CPU
		{DE7BBDE0-14D6-4B7D-8593-8C29EC942BCB}.Production|x86.ActiveCfg = Production|Any CPU
		{DE7BBDE0-14D6-4B7D-8593-8C29EC942BCB}.Production|x86.Build.0 = Production|Any CPU
		{DE7BBDE0-14D6-4B7D-8593-8C29EC942BCB}.Test|Any CPU.ActiveCfg = Release|Any CPU
		{DE7BBDE0-14D6-4B7D-8593-8C29EC942BCB}.Test|Any CPU.Build.0 = Release|Any CPU
		{DE7BBDE0-14D6-4B7D-8593-8C29EC942BCB}.Test|x64.ActiveCfg = Release|Any CPU
		{DE7BBDE0-14D6-4B7D-8593-8C29EC942BCB}.Test|x64.Build.0 = Release|Any CPU
		{DE7BBDE0-14D6-4B7D-8593-8C29EC942BCB}.Test|x86.ActiveCfg = Release|Any CPU
		{DE7BBDE0-14D6-4B7D-8593-8C29EC942BCB}.Test|x86.Build.0 = Release|Any CPU
		{1890C530-DD58-49CD-BC10-B4EAA2477C5A}.Debug - local|Any CPU.ActiveCfg = Debug|Any CPU
		{1890C530-DD58-49CD-BC10-B4EAA2477C5A}.Debug - local|Any CPU.Build.0 = Debug|Any CPU
		{1890C530-DD58-49CD-BC10-B4EAA2477C5A}.Debug - local|x64.ActiveCfg = Debug|Any CPU
		{1890C530-DD58-49CD-BC10-B4EAA2477C5A}.Debug - local|x64.Build.0 = Debug|Any CPU
		{1890C530-DD58-49CD-BC10-B4EAA2477C5A}.Debug - local|x86.ActiveCfg = Debug|Any CPU
		{1890C530-DD58-49CD-BC10-B4EAA2477C5A}.Debug - local|x86.Build.0 = Debug|Any CPU
		{1890C530-DD58-49CD-BC10-B4EAA2477C5A}.Debug|Any CPU.ActiveCfg = Debug|Any CPU
		{1890C530-DD58-49CD-BC10-B4EAA2477C5A}.Debug|Any CPU.Build.0 = Debug|Any CPU
		{1890C530-DD58-49CD-BC10-B4EAA2477C5A}.Debug|x64.ActiveCfg = Debug|Any CPU
		{1890C530-DD58-49CD-BC10-B4EAA2477C5A}.Debug|x64.Build.0 = Debug|Any CPU
		{1890C530-DD58-49CD-BC10-B4EAA2477C5A}.Debug|x86.ActiveCfg = Debug|Any CPU
		{1890C530-DD58-49CD-BC10-B4EAA2477C5A}.Debug|x86.Build.0 = Debug|Any CPU
		{1890C530-DD58-49CD-BC10-B4EAA2477C5A}.DEbug-Remote|Any CPU.ActiveCfg = DEbug-Remote|Any CPU
		{1890C530-DD58-49CD-BC10-B4EAA2477C5A}.DEbug-Remote|Any CPU.Build.0 = DEbug-Remote|Any CPU
		{1890C530-DD58-49CD-BC10-B4EAA2477C5A}.DEbug-Remote|x64.ActiveCfg = DEbug-Remote|Any CPU
		{1890C530-DD58-49CD-BC10-B4EAA2477C5A}.DEbug-Remote|x64.Build.0 = DEbug-Remote|Any CPU
		{1890C530-DD58-49CD-BC10-B4EAA2477C5A}.DEbug-Remote|x86.ActiveCfg = DEbug-Remote|Any CPU
		{1890C530-DD58-49CD-BC10-B4EAA2477C5A}.DEbug-Remote|x86.Build.0 = DEbug-Remote|Any CPU
		{1890C530-DD58-49CD-BC10-B4EAA2477C5A}.Production|Any CPU.ActiveCfg = Production|Any CPU
		{1890C530-DD58-49CD-BC10-B4EAA2477C5A}.Production|Any CPU.Build.0 = Production|Any CPU
		{1890C530-DD58-49CD-BC10-B4EAA2477C5A}.Production|x64.ActiveCfg = Production|Any CPU
		{1890C530-DD58-49CD-BC10-B4EAA2477C5A}.Production|x64.Build.0 = Production|Any CPU
		{1890C530-DD58-49CD-BC10-B4EAA2477C5A}.Production|x86.ActiveCfg = Production|Any CPU
		{1890C530-DD58-49CD-BC10-B4EAA2477C5A}.Production|x86.Build.0 = Production|Any CPU
		{1890C530-DD58-49CD-BC10-B4EAA2477C5A}.Test|Any CPU.ActiveCfg = Release|Any CPU
		{1890C530-DD58-49CD-BC10-B4EAA2477C5A}.Test|Any CPU.Build.0 = Release|Any CPU
		{1890C530-DD58-49CD-BC10-B4EAA2477C5A}.Test|x64.ActiveCfg = Release|Any CPU
		{1890C530-DD58-49CD-BC10-B4EAA2477C5A}.Test|x64.Build.0 = Release|Any CPU
		{1890C530-DD58-49CD-BC10-B4EAA2477C5A}.Test|x86.ActiveCfg = Release|Any CPU
		{1890C530-DD58-49CD-BC10-B4EAA2477C5A}.Test|x86.Build.0 = Release|Any CPU
		{369EEDD1-B737-4C7B-82CA-AEDBB14E95F4}.Debug - local|Any CPU.ActiveCfg = Debug|Any CPU
		{369EEDD1-B737-4C7B-82CA-AEDBB14E95F4}.Debug - local|Any CPU.Build.0 = Debug|Any CPU
		{369EEDD1-B737-4C7B-82CA-AEDBB14E95F4}.Debug - local|x64.ActiveCfg = Debug|Any CPU
		{369EEDD1-B737-4C7B-82CA-AEDBB14E95F4}.Debug - local|x64.Build.0 = Debug|Any CPU
		{369EEDD1-B737-4C7B-82CA-AEDBB14E95F4}.Debug - local|x86.ActiveCfg = Debug|Any CPU
		{369EEDD1-B737-4C7B-82CA-AEDBB14E95F4}.Debug - local|x86.Build.0 = Debug|Any CPU
		{369EEDD1-B737-4C7B-82CA-AEDBB14E95F4}.Debug|Any CPU.ActiveCfg = Debug|Any CPU
		{369EEDD1-B737-4C7B-82CA-AEDBB14E95F4}.Debug|Any CPU.Build.0 = Debug|Any CPU
		{369EEDD1-B737-4C7B-82CA-AEDBB14E95F4}.Debug|x64.ActiveCfg = Debug|Any CPU
		{369EEDD1-B737-4C7B-82CA-AEDBB14E95F4}.Debug|x64.Build.0 = Debug|Any CPU
		{369EEDD1-B737-4C7B-82CA-AEDBB14E95F4}.Debug|x86.ActiveCfg = Debug|Any CPU
		{369EEDD1-B737-4C7B-82CA-AEDBB14E95F4}.Debug|x86.Build.0 = Debug|Any CPU
		{369EEDD1-B737-4C7B-82CA-AEDBB14E95F4}.DEbug-Remote|Any CPU.ActiveCfg = DEbug-Remote|Any CPU
		{369EEDD1-B737-4C7B-82CA-AEDBB14E95F4}.DEbug-Remote|Any CPU.Build.0 = DEbug-Remote|Any CPU
		{369EEDD1-B737-4C7B-82CA-AEDBB14E95F4}.DEbug-Remote|x64.ActiveCfg = DEbug-Remote|Any CPU
		{369EEDD1-B737-4C7B-82CA-AEDBB14E95F4}.DEbug-Remote|x64.Build.0 = DEbug-Remote|Any CPU
		{369EEDD1-B737-4C7B-82CA-AEDBB14E95F4}.DEbug-Remote|x86.ActiveCfg = DEbug-Remote|Any CPU
		{369EEDD1-B737-4C7B-82CA-AEDBB14E95F4}.DEbug-Remote|x86.Build.0 = DEbug-Remote|Any CPU
		{369EEDD1-B737-4C7B-82CA-AEDBB14E95F4}.Production|Any CPU.ActiveCfg = Production|Any CPU
		{369EEDD1-B737-4C7B-82CA-AEDBB14E95F4}.Production|Any CPU.Build.0 = Production|Any CPU
		{369EEDD1-B737-4C7B-82CA-AEDBB14E95F4}.Production|x64.ActiveCfg = Production|Any CPU
		{369EEDD1-B737-4C7B-82CA-AEDBB14E95F4}.Production|x64.Build.0 = Production|Any CPU
		{369EEDD1-B737-4C7B-82CA-AEDBB14E95F4}.Production|x86.ActiveCfg = Production|Any CPU
		{369EEDD1-B737-4C7B-82CA-AEDBB14E95F4}.Production|x86.Build.0 = Production|Any CPU
		{369EEDD1-B737-4C7B-82CA-AEDBB14E95F4}.Test|Any CPU.ActiveCfg = Release|Any CPU
		{369EEDD1-B737-4C7B-82CA-AEDBB14E95F4}.Test|Any CPU.Build.0 = Release|Any CPU
		{369EEDD1-B737-4C7B-82CA-AEDBB14E95F4}.Test|x64.ActiveCfg = Release|Any CPU
		{369EEDD1-B737-4C7B-82CA-AEDBB14E95F4}.Test|x64.Build.0 = Release|Any CPU
		{369EEDD1-B737-4C7B-82CA-AEDBB14E95F4}.Test|x86.ActiveCfg = Release|Any CPU
		{369EEDD1-B737-4C7B-82CA-AEDBB14E95F4}.Test|x86.Build.0 = Release|Any CPU
		{B5468D30-030E-4F88-95A7-9CD6A1637936}.Debug - local|Any CPU.ActiveCfg = Debug|Any CPU
		{B5468D30-030E-4F88-95A7-9CD6A1637936}.Debug - local|Any CPU.Build.0 = Debug|Any CPU
		{B5468D30-030E-4F88-95A7-9CD6A1637936}.Debug - local|x64.ActiveCfg = Debug|Any CPU
		{B5468D30-030E-4F88-95A7-9CD6A1637936}.Debug - local|x64.Build.0 = Debug|Any CPU
		{B5468D30-030E-4F88-95A7-9CD6A1637936}.Debug - local|x86.ActiveCfg = Debug|Any CPU
		{B5468D30-030E-4F88-95A7-9CD6A1637936}.Debug - local|x86.Build.0 = Debug|Any CPU
		{B5468D30-030E-4F88-95A7-9CD6A1637936}.Debug|Any CPU.ActiveCfg = Debug|Any CPU
		{B5468D30-030E-4F88-95A7-9CD6A1637936}.Debug|Any CPU.Build.0 = Debug|Any CPU
		{B5468D30-030E-4F88-95A7-9CD6A1637936}.Debug|x64.ActiveCfg = Debug|Any CPU
		{B5468D30-030E-4F88-95A7-9CD6A1637936}.Debug|x64.Build.0 = Debug|Any CPU
		{B5468D30-030E-4F88-95A7-9CD6A1637936}.Debug|x86.ActiveCfg = Debug|Any CPU
		{B5468D30-030E-4F88-95A7-9CD6A1637936}.Debug|x86.Build.0 = Debug|Any CPU
		{B5468D30-030E-4F88-95A7-9CD6A1637936}.DEbug-Remote|Any CPU.ActiveCfg = Debug|Any CPU
		{B5468D30-030E-4F88-95A7-9CD6A1637936}.DEbug-Remote|Any CPU.Build.0 = Debug|Any CPU
		{B5468D30-030E-4F88-95A7-9CD6A1637936}.DEbug-Remote|x64.ActiveCfg = Debug|Any CPU
		{B5468D30-030E-4F88-95A7-9CD6A1637936}.DEbug-Remote|x64.Build.0 = Debug|Any CPU
		{B5468D30-030E-4F88-95A7-9CD6A1637936}.DEbug-Remote|x86.ActiveCfg = Debug|Any CPU
		{B5468D30-030E-4F88-95A7-9CD6A1637936}.DEbug-Remote|x86.Build.0 = Debug|Any CPU
		{B5468D30-030E-4F88-95A7-9CD6A1637936}.Production|Any CPU.ActiveCfg = Production|Any CPU
		{B5468D30-030E-4F88-95A7-9CD6A1637936}.Production|Any CPU.Build.0 = Production|Any CPU
		{B5468D30-030E-4F88-95A7-9CD6A1637936}.Production|x64.ActiveCfg = Production|Any CPU
		{B5468D30-030E-4F88-95A7-9CD6A1637936}.Production|x64.Build.0 = Production|Any CPU
		{B5468D30-030E-4F88-95A7-9CD6A1637936}.Production|x86.ActiveCfg = Production|Any CPU
		{B5468D30-030E-4F88-95A7-9CD6A1637936}.Production|x86.Build.0 = Production|Any CPU
		{B5468D30-030E-4F88-95A7-9CD6A1637936}.Test|Any CPU.ActiveCfg = Release|Any CPU
		{B5468D30-030E-4F88-95A7-9CD6A1637936}.Test|Any CPU.Build.0 = Release|Any CPU
		{B5468D30-030E-4F88-95A7-9CD6A1637936}.Test|x64.ActiveCfg = Release|Any CPU
		{B5468D30-030E-4F88-95A7-9CD6A1637936}.Test|x64.Build.0 = Release|Any CPU
		{B5468D30-030E-4F88-95A7-9CD6A1637936}.Test|x86.ActiveCfg = Release|Any CPU
		{B5468D30-030E-4F88-95A7-9CD6A1637936}.Test|x86.Build.0 = Release|Any CPU
		{2C4E7057-4D24-4EE5-972E-C410B5F8A4BC}.Debug - local|Any CPU.ActiveCfg = Debug|Any CPU
		{2C4E7057-4D24-4EE5-972E-C410B5F8A4BC}.Debug - local|Any CPU.Build.0 = Debug|Any CPU
		{2C4E7057-4D24-4EE5-972E-C410B5F8A4BC}.Debug - local|x64.ActiveCfg = Debug|Any CPU
		{2C4E7057-4D24-4EE5-972E-C410B5F8A4BC}.Debug - local|x64.Build.0 = Debug|Any CPU
		{2C4E7057-4D24-4EE5-972E-C410B5F8A4BC}.Debug - local|x86.ActiveCfg = Debug|Any CPU
		{2C4E7057-4D24-4EE5-972E-C410B5F8A4BC}.Debug - local|x86.Build.0 = Debug|Any CPU
		{2C4E7057-4D24-4EE5-972E-C410B5F8A4BC}.Debug|Any CPU.ActiveCfg = Debug|Any CPU
		{2C4E7057-4D24-4EE5-972E-C410B5F8A4BC}.Debug|Any CPU.Build.0 = Debug|Any CPU
		{2C4E7057-4D24-4EE5-972E-C410B5F8A4BC}.Debug|x64.ActiveCfg = Debug|Any CPU
		{2C4E7057-4D24-4EE5-972E-C410B5F8A4BC}.Debug|x64.Build.0 = Debug|Any CPU
		{2C4E7057-4D24-4EE5-972E-C410B5F8A4BC}.Debug|x86.ActiveCfg = Debug|Any CPU
		{2C4E7057-4D24-4EE5-972E-C410B5F8A4BC}.Debug|x86.Build.0 = Debug|Any CPU
		{2C4E7057-4D24-4EE5-972E-C410B5F8A4BC}.DEbug-Remote|Any CPU.ActiveCfg = Debug|Any CPU
		{2C4E7057-4D24-4EE5-972E-C410B5F8A4BC}.DEbug-Remote|Any CPU.Build.0 = Debug|Any CPU
		{2C4E7057-4D24-4EE5-972E-C410B5F8A4BC}.DEbug-Remote|x64.ActiveCfg = Debug|Any CPU
		{2C4E7057-4D24-4EE5-972E-C410B5F8A4BC}.DEbug-Remote|x64.Build.0 = Debug|Any CPU
		{2C4E7057-4D24-4EE5-972E-C410B5F8A4BC}.DEbug-Remote|x86.ActiveCfg = Debug|Any CPU
		{2C4E7057-4D24-4EE5-972E-C410B5F8A4BC}.DEbug-Remote|x86.Build.0 = Debug|Any CPU
		{2C4E7057-4D24-4EE5-972E-C410B5F8A4BC}.Production|Any CPU.ActiveCfg = Debug|Any CPU
		{2C4E7057-4D24-4EE5-972E-C410B5F8A4BC}.Production|Any CPU.Build.0 = Debug|Any CPU
		{2C4E7057-4D24-4EE5-972E-C410B5F8A4BC}.Production|x64.ActiveCfg = Debug|Any CPU
		{2C4E7057-4D24-4EE5-972E-C410B5F8A4BC}.Production|x64.Build.0 = Debug|Any CPU
		{2C4E7057-4D24-4EE5-972E-C410B5F8A4BC}.Production|x86.ActiveCfg = Debug|Any CPU
		{2C4E7057-4D24-4EE5-972E-C410B5F8A4BC}.Production|x86.Build.0 = Debug|Any CPU
		{2C4E7057-4D24-4EE5-972E-C410B5F8A4BC}.Test|Any CPU.ActiveCfg = Release|Any CPU
		{2C4E7057-4D24-4EE5-972E-C410B5F8A4BC}.Test|Any CPU.Build.0 = Release|Any CPU
		{2C4E7057-4D24-4EE5-972E-C410B5F8A4BC}.Test|x64.ActiveCfg = Release|Any CPU
		{2C4E7057-4D24-4EE5-972E-C410B5F8A4BC}.Test|x64.Build.0 = Release|Any CPU
		{2C4E7057-4D24-4EE5-972E-C410B5F8A4BC}.Test|x86.ActiveCfg = Release|Any CPU
		{2C4E7057-4D24-4EE5-972E-C410B5F8A4BC}.Test|x86.Build.0 = Release|Any CPU
		{7D172B91-F1D2-4086-99F0-8E22641DC875}.Debug - local|Any CPU.ActiveCfg = Debug|Any CPU
		{7D172B91-F1D2-4086-99F0-8E22641DC875}.Debug - local|Any CPU.Build.0 = Debug|Any CPU
		{7D172B91-F1D2-4086-99F0-8E22641DC875}.Debug - local|x64.ActiveCfg = Debug|Any CPU
		{7D172B91-F1D2-4086-99F0-8E22641DC875}.Debug - local|x64.Build.0 = Debug|Any CPU
		{7D172B91-F1D2-4086-99F0-8E22641DC875}.Debug - local|x86.ActiveCfg = Debug|Any CPU
		{7D172B91-F1D2-4086-99F0-8E22641DC875}.Debug - local|x86.Build.0 = Debug|Any CPU
		{7D172B91-F1D2-4086-99F0-8E22641DC875}.Debug|Any CPU.ActiveCfg = Debug|Any CPU
		{7D172B91-F1D2-4086-99F0-8E22641DC875}.Debug|Any CPU.Build.0 = Debug|Any CPU
		{7D172B91-F1D2-4086-99F0-8E22641DC875}.Debug|x64.ActiveCfg = Debug|Any CPU
		{7D172B91-F1D2-4086-99F0-8E22641DC875}.Debug|x64.Build.0 = Debug|Any CPU
		{7D172B91-F1D2-4086-99F0-8E22641DC875}.Debug|x86.ActiveCfg = Debug|Any CPU
		{7D172B91-F1D2-4086-99F0-8E22641DC875}.Debug|x86.Build.0 = Debug|Any CPU
		{7D172B91-F1D2-4086-99F0-8E22641DC875}.DEbug-Remote|Any CPU.ActiveCfg = Debug|Any CPU
		{7D172B91-F1D2-4086-99F0-8E22641DC875}.DEbug-Remote|Any CPU.Build.0 = Debug|Any CPU
		{7D172B91-F1D2-4086-99F0-8E22641DC875}.DEbug-Remote|x64.ActiveCfg = Debug|Any CPU
		{7D172B91-F1D2-4086-99F0-8E22641DC875}.DEbug-Remote|x64.Build.0 = Debug|Any CPU
		{7D172B91-F1D2-4086-99F0-8E22641DC875}.DEbug-Remote|x86.ActiveCfg = Debug|Any CPU
		{7D172B91-F1D2-4086-99F0-8E22641DC875}.DEbug-Remote|x86.Build.0 = Debug|Any CPU
		{7D172B91-F1D2-4086-99F0-8E22641DC875}.Production|Any CPU.ActiveCfg = Debug|Any CPU
		{7D172B91-F1D2-4086-99F0-8E22641DC875}.Production|Any CPU.Build.0 = Debug|Any CPU
		{7D172B91-F1D2-4086-99F0-8E22641DC875}.Production|x64.ActiveCfg = Debug|Any CPU
		{7D172B91-F1D2-4086-99F0-8E22641DC875}.Production|x64.Build.0 = Debug|Any CPU
		{7D172B91-F1D2-4086-99F0-8E22641DC875}.Production|x86.ActiveCfg = Debug|Any CPU
		{7D172B91-F1D2-4086-99F0-8E22641DC875}.Production|x86.Build.0 = Debug|Any CPU
		{7D172B91-F1D2-4086-99F0-8E22641DC875}.Test|Any CPU.ActiveCfg = Release|Any CPU
		{7D172B91-F1D2-4086-99F0-8E22641DC875}.Test|Any CPU.Build.0 = Release|Any CPU
		{7D172B91-F1D2-4086-99F0-8E22641DC875}.Test|x64.ActiveCfg = Release|Any CPU
		{7D172B91-F1D2-4086-99F0-8E22641DC875}.Test|x64.Build.0 = Release|Any CPU
		{7D172B91-F1D2-4086-99F0-8E22641DC875}.Test|x86.ActiveCfg = Release|Any CPU
		{7D172B91-F1D2-4086-99F0-8E22641DC875}.Test|x86.Build.0 = Release|Any CPU
	EndGlobalSection
	GlobalSection(SolutionProperties) = preSolution
		HideSolutionNode = FALSE
	EndGlobalSection
	GlobalSection(ExtensibilityGlobals) = postSolution
		SolutionGuid = {FA8AA5B6-145B-4E1F-87C7-B8195370FAC4}
	EndGlobalSection
EndGlobal
